{
  "version": 4,
  "terraform_version": "1.11.3",
  "serial": 24,
  "lineage": "2824e682-3956-1b8b-73e6-98e5dee37fba",
  "outputs": {
    "ip_publique_vm": {
      "value": "195.15.197.69",
      "type": "string"
    },
    "nom_vm": {
      "value": "vm-debian12",
      "type": "string"
    }
  },
  "resources": [
    {
      "mode": "managed",
      "type": "openstack_compute_floatingip_associate_v2",
      "name": "fip_assoc",
      "provider": "provider[\"registry.terraform.io/terraform-provider-openstack/openstack\"]",
      "instances": [
        {
          "schema_version": 0,
          "attributes": {
            "fixed_ip": "",
            "floating_ip": "195.15.197.69",
            "id": "195.15.197.69/bcf8108c-90be-4191-936b-d5b2ad387024/",
            "instance_id": "bcf8108c-90be-4191-936b-d5b2ad387024",
            "region": "dc3-a",
            "timeouts": null,
            "wait_until_associated": null
          },
          "sensitive_attributes": [],
          "private": "eyJlMmJmYjczMC1lY2FhLTExZTYtOGY4OC0zNDM2M2JjN2M0YzAiOnsiY3JlYXRlIjo2MDAwMDAwMDAwMDB9fQ==",
          "dependencies": [
            "openstack_compute_instance_v2.vm",
            "openstack_compute_keypair_v2.default",
            "openstack_networking_floatingip_v2.fip",
            "openstack_networking_network_v2.private_network"
          ]
        }
      ]
    },
    {
      "mode": "managed",
      "type": "openstack_compute_instance_v2",
      "name": "vm",
      "provider": "provider[\"registry.terraform.io/terraform-provider-openstack/openstack\"]",
      "instances": [
        {
          "schema_version": 0,
          "attributes": {
            "access_ip_v4": "192.168.42.214",
            "access_ip_v6": "",
            "admin_pass": null,
            "all_metadata": {},
            "all_tags": [],
            "availability_zone": "dc3-a-09",
            "availability_zone_hints": null,
            "block_device": [],
            "config_drive": null,
            "created": "2025-04-09 08:47:32 +0000 UTC",
            "flavor_id": "21aad244-a330-4e79-ba80-4c057cf742f9",
            "flavor_name": "a1-ram2-disk20-perf1",
            "floating_ip": null,
            "force_delete": false,
            "id": "bcf8108c-90be-4191-936b-d5b2ad387024",
            "image_id": "9123027e-a974-4579-b093-571ee81e3db5",
            "image_name": "Debian 12 bookworm",
            "key_pair": "ma-cle-ssh",
            "metadata": null,
            "name": "vm-debian12",
            "network": [
              {
                "access_network": false,
                "fixed_ip_v4": "192.168.42.214",
                "fixed_ip_v6": "",
                "floating_ip": "",
                "mac": "fa:16:3e:d8:6e:e4",
                "name": "reseau-prive",
                "port": "",
                "uuid": "f8df265c-4337-42b4-bd52-a8cde9183a87"
              }
            ],
            "network_mode": null,
            "personality": [],
            "power_state": "active",
            "region": "dc3-a",
            "scheduler_hints": [],
            "security_groups": [
              "default"
            ],
            "stop_before_destroy": false,
            "tags": [],
            "timeouts": null,
            "updated": "2025-04-09 08:48:08 +0000 UTC",
            "user_data": null,
            "vendor_options": [],
            "volume": []
          },
          "sensitive_attributes": [
            [
              {
                "type": "get_attr",
                "value": "admin_pass"
              }
            ]
          ],
          "private": "eyJlMmJmYjczMC1lY2FhLTExZTYtOGY4OC0zNDM2M2JjN2M0YzAiOnsiY3JlYXRlIjoxODAwMDAwMDAwMDAwLCJkZWxldGUiOjE4MDAwMDAwMDAwMDAsInVwZGF0ZSI6MTgwMDAwMDAwMDAwMH19",
          "dependencies": [
            "openstack_compute_keypair_v2.default",
            "openstack_networking_network_v2.private_network"
          ]
        }
      ]
    },
    {
      "mode": "managed",
      "type": "openstack_compute_keypair_v2",
      "name": "default",
      "provider": "provider[\"registry.terraform.io/terraform-provider-openstack/openstack\"]",
      "instances": [
        {
          "schema_version": 0,
          "attributes": {
            "fingerprint": "7d:9e:40:4f:1f:ad:af:b6:40:ec:4a:88:e6:b0:c0:48",
            "id": "ma-cle-ssh",
            "name": "ma-cle-ssh",
            "private_key": "",
            "public_key": "ssh-rsa AAAAB3NzaC1yc2EAAAADAQABAAACAQDdO+goc+aT2v+vL5uQ28b9cowEHH0Wzb4e8/xtF18/fQj91nS8+jLDdJa9xyxsP/oSoXdYT3nCNi44HoZiCxSmLeL6lWKKLa0bJ9/lO7QbEXpJlbKx3PWxLJj0A1CKXToxospbaSG/6HqecdhrfJcj9aoYWsuvjlXFhDDzwfejl3+IBgE59iSq+1iOz3h0sopuKtibl4h5SxtJrk2jIXkIxg61jUr8Y04gsJ0YI4ttgDkRu9adHpZt93gRe7lBj84usGJccIpI67b4iRzxSBgox681F9SnD7bqnmuW85Vl3rPtdc1P7b5BpuylxiOlW2GhkEMDpKKiqwphiSb0BgeGAYULP/saoSMSNvUqmGB5DjmkUpzbNgMhGnZXKuiwIhQyajiwczP080f5UBZrUc5Aub5YdGb8MAKICDS+MWW/USPE/58dnTnjmzRLcmlB9QIx2Tm7IMPyGDWN3K8y4hRQJI/Nn15AkCZ4KSHqwZa3C5VImChS8sHcERjSE3eK79mrPWFfykLJBNbIzDpb/NgJTy4ZOwX1BdsGguMjnZnn4c0sM5pyT58lIGQLa+GLGD0TtIW3ymIyUArWAtcSMYEXpJ1Tk7Hl7EaQpWBpHCQUVodUOSt+PN8ZGhNa9SSk/PmtWlUqNPwLb3g3cO2YQwBXqFIMCVazG9bUb0rNOlK9+w== root@ismael-fin-de-contrat\n",
            "region": "dc3-a",
            "user_id": "",
            "value_specs": null
          },
          "sensitive_attributes": [
            [
              {
                "type": "get_attr",
                "value": "private_key"
              }
            ]
          ],
          "private": "bnVsbA=="
        }
      ]
    },
    {
      "mode": "managed",
      "type": "openstack_networking_floatingip_v2",
      "name": "fip",
      "provider": "provider[\"registry.terraform.io/terraform-provider-openstack/openstack\"]",
      "instances": [
        {
          "schema_version": 0,
          "attributes": {
            "address": "195.15.197.69",
            "all_tags": [],
            "description": "",
            "dns_domain": "",
            "dns_name": "",
            "fixed_ip": "192.168.42.214",
            "id": "f61cf2f5-b69a-458b-bb91-4e43dedd1ee2",
            "pool": "ext-floating1",
            "port_id": "c0d714a3-001b-4b14-aa9b-1edb3a1e2eb1",
            "region": "dc3-a",
            "subnet_id": null,
            "subnet_ids": null,
            "tags": [],
            "tenant_id": "1bf7a18e3d484860850f1e811a01866c",
            "timeouts": null,
            "value_specs": null
          },
          "sensitive_attributes": [],
          "private": "eyJlMmJmYjczMC1lY2FhLTExZTYtOGY4OC0zNDM2M2JjN2M0YzAiOnsiY3JlYXRlIjo2MDAwMDAwMDAwMDAsImRlbGV0ZSI6NjAwMDAwMDAwMDAwfX0="
        }
      ]
    },
    {
      "mode": "managed",
      "type": "openstack_networking_network_v2",
      "name": "private_network",
      "provider": "provider[\"registry.terraform.io/terraform-provider-openstack/openstack\"]",
      "instances": [
        {
          "schema_version": 0,
          "attributes": {
            "admin_state_up": true,
            "all_tags": [],
            "availability_zone_hints": [],
            "description": "",
            "dns_domain": "",
            "external": false,
            "id": "f8df265c-4337-42b4-bd52-a8cde9183a87",
            "mtu": 1500,
            "name": "reseau-prive",
            "port_security_enabled": true,
            "qos_policy_id": "",
            "region": "dc3-a",
            "segments": [],
            "shared": false,
            "tags": [],
            "tenant_id": "1bf7a18e3d484860850f1e811a01866c",
            "timeouts": null,
            "transparent_vlan": false,
            "value_specs": null
          },
          "sensitive_attributes": [],
          "private": "eyJlMmJmYjczMC1lY2FhLTExZTYtOGY4OC0zNDM2M2JjN2M0YzAiOnsiY3JlYXRlIjo2MDAwMDAwMDAwMDAsImRlbGV0ZSI6NjAwMDAwMDAwMDAwfX0="
        }
      ]
    },
    {
      "mode": "managed",
      "type": "openstack_networking_router_interface_v2",
      "name": "router_interface",
      "provider": "provider[\"registry.terraform.io/terraform-provider-openstack/openstack\"]",
      "instances": [
        {
          "schema_version": 0,
          "attributes": {
            "force_destroy": false,
            "id": "79f4e5d4-0e13-4493-bff3-042abce154f5",
            "port_id": "79f4e5d4-0e13-4493-bff3-042abce154f5",
            "region": "dc3-a",
            "router_id": "c394d71b-1d34-4458-8eed-a3c4d502cf05",
            "subnet_id": "dd8f01c9-5b05-45f7-93cb-e1cfb44b7cdb",
            "timeouts": null
          },
          "sensitive_attributes": [],
          "private": "eyJlMmJmYjczMC1lY2FhLTExZTYtOGY4OC0zNDM2M2JjN2M0YzAiOnsiY3JlYXRlIjo2MDAwMDAwMDAwMDAsImRlbGV0ZSI6NjAwMDAwMDAwMDAwfX0=",
          "dependencies": [
            "openstack_networking_network_v2.private_network",
            "openstack_networking_router_v2.router",
            "openstack_networking_subnet_v2.private_subnet"
          ]
        }
      ]
    },
    {
      "mode": "managed",
      "type": "openstack_networking_router_v2",
      "name": "router",
      "provider": "provider[\"registry.terraform.io/terraform-provider-openstack/openstack\"]",
      "instances": [
        {
          "schema_version": 0,
          "attributes": {
            "admin_state_up": true,
            "all_tags": [],
            "availability_zone_hints": [],
            "description": "",
            "distributed": false,
            "enable_snat": true,
            "external_fixed_ip": [
              {
                "ip_address": "195.15.196.204",
                "subnet_id": "5b11891c-91a8-493e-aea6-b076158621be"
              }
            ],
            "external_gateway": "0f9c3806-bd21-490f-918d-4a6d1c648489",
            "external_network_id": "0f9c3806-bd21-490f-918d-4a6d1c648489",
            "external_subnet_ids": null,
            "id": "c394d71b-1d34-4458-8eed-a3c4d502cf05",
            "name": "routeur-prive",
            "region": "dc3-a",
            "tags": [],
            "tenant_id": "1bf7a18e3d484860850f1e811a01866c",
            "timeouts": null,
            "value_specs": null,
            "vendor_options": []
          },
          "sensitive_attributes": [],
          "private": "eyJlMmJmYjczMC1lY2FhLTExZTYtOGY4OC0zNDM2M2JjN2M0YzAiOnsiY3JlYXRlIjo2MDAwMDAwMDAwMDAsImRlbGV0ZSI6NjAwMDAwMDAwMDAwfX0="
        }
      ]
    },
    {
      "mode": "managed",
      "type": "openstack_networking_subnet_v2",
      "name": "private_subnet",
      "provider": "provider[\"registry.terraform.io/terraform-provider-openstack/openstack\"]",
      "instances": [
        {
          "schema_version": 0,
          "attributes": {
            "all_tags": [],
            "allocation_pool": [
              {
                "end": "192.168.42.254",
                "start": "192.168.42.2"
              }
            ],
            "allocation_pools": [
              {
                "end": "192.168.42.254",
                "start": "192.168.42.2"
              }
            ],
            "cidr": "192.168.42.0/24",
            "description": "",
            "dns_nameservers": [
              "8.8.8.8",
              "1.1.1.1"
            ],
            "enable_dhcp": true,
            "gateway_ip": "192.168.42.1",
            "host_routes": [],
            "id": "dd8f01c9-5b05-45f7-93cb-e1cfb44b7cdb",
            "ip_version": 4,
            "ipv6_address_mode": "",
            "ipv6_ra_mode": "",
            "name": "subnet-prive",
            "network_id": "f8df265c-4337-42b4-bd52-a8cde9183a87",
            "no_gateway": false,
            "prefix_length": null,
            "region": "dc3-a",
            "service_types": [],
            "subnetpool_id": "",
            "tags": [],
            "tenant_id": "1bf7a18e3d484860850f1e811a01866c",
            "timeouts": null,
            "value_specs": null
          },
          "sensitive_attributes": [],
          "private": "eyJlMmJmYjczMC1lY2FhLTExZTYtOGY4OC0zNDM2M2JjN2M0YzAiOnsiY3JlYXRlIjo2MDAwMDAwMDAwMDAsImRlbGV0ZSI6NjAwMDAwMDAwMDAwfX0=",
          "dependencies": [
            "openstack_networking_network_v2.private_network"
          ]
        }
      ]
    }
  ],
  "check_results": null
}
